
Microsoft Visual Studio Solution File, Format Version 12.00
# Visual Studio Version 16
VisualStudioVersion = 16.0.30523.141
MinimumVisualStudioVersion = 10.0.40219.1
Project("{8BC9CEB8-8B4A-11D0-8D11-00A0C91BC942}") = "лаба5", "лаба5\лаба5.vcxproj", "{E393DCD4-E792-4442-9736-910DE4334B3F}"
EndProject
Global
	GlobalSection(SolutionConfigurationPlatforms) = preSolution
		Debug|x64 = Debug|x64
		Debug|x86 = Debug|x86
		Release|x64 = Release|x64
		Release|x86 = Release|x86
	EndGlobalSection
	GlobalSection(ProjectConfigurationPlatforms) = postSolution
		{E393DCD4-E792-4442-9736-910DE4334B3F}.Debug|x64.ActiveCfg = Debug|x64
		{E393DCD4-E792-4442-9736-910DE4334B3F}.Debug|x64.Build.0 = Debug|x64
		{E393DCD4-E792-4442-9736-910DE4334B3F}.Debug|x86.ActiveCfg = Debug|Win32
		{E393DCD4-E792-4442-9736-910DE4334B3F}.Debug|x86.Build.0 = Debug|Win32
		{E393DCD4-E792-4442-9736-910DE4334B3F}.Release|x64.ActiveCfg = Release|x64
		{E393DCD4-E792-4442-9736-910DE4334B3F}.Release|x64.Build.0 = Release|x64
		{E393DCD4-E792-4442-9736-910DE4334B3F}.Release|x86.ActiveCfg = Release|Win32
		{E393DCD4-E792-4442-9736-910DE4334B3F}.Release|x86.Build.0 = Release|Win32
	EndGlobalSection
	GlobalSection(SolutionProperties) = preSolution
		HideSolutionNode = FALSE
	EndGlobalSection
	GlobalSection(ExtensibilityGlobals) = postSolution
		SolutionGuid = {3755ACC6-AFC0-43C7-B14A-1FD7800D85B9}
	EndGlobalSection
EndGlobal
